
Microsoft Visual Studio Solution File, Format Version 12.00
# Visual Studio Version 17
VisualStudioVersion = 17.9.34728.123
MinimumVisualStudioVersion = 10.0.40219.1
Project("{FAE04EC0-301F-11D3-BF4B-00C04F79EFBC}") = "Animal_Janggi_CUI", "Animal_Janggi_CUI.csproj", "{1F372354-191C-4026-8988-FDD26B258DB5}"
EndProject
Global
	GlobalSection(SolutionConfigurationPlatforms) = preSolution
		Debug|Any CPU = Debug|Any CPU
		Release|Any CPU = Release|Any CPU
	EndGlobalSection
	GlobalSection(ProjectConfigurationPlatforms) = postSolution
		{1F372354-191C-4026-8988-FDD26B258DB5}.Debug|Any CPU.ActiveCfg = Debug|Any CPU
		{1F372354-191C-4026-8988-FDD26B258DB5}.Debug|Any CPU.Build.0 = Debug|Any CPU
		{1F372354-191C-4026-8988-FDD26B258DB5}.Release|Any CPU.ActiveCfg = Release|Any CPU
		{1F372354-191C-4026-8988-FDD26B258DB5}.Release|Any CPU.Build.0 = Release|Any CPU
	EndGlobalSection
	GlobalSection(SolutionProperties) = preSolution
		HideSolutionNode = FALSE
	EndGlobalSection
	GlobalSection(ExtensibilityGlobals) = postSolution
		SolutionGuid = {01767196-F174-4821-97DC-E92BCAADE1B3}
	EndGlobalSection
EndGlobal
